
Microsoft Visual Studio Solution File, Format Version 12.00
# Visual Studio Version 16
VisualStudioVersion = 16.0.30114.105
MinimumVisualStudioVersion = 10.0.40219.1
Project("{FAE04EC0-301F-11D3-BF4B-00C04F79EFBC}") = "API", "API\API.csproj", "{C54428C2-F657-4E4C-903C-2E6B148A1486}"
EndProject
Project("{FAE04EC0-301F-11D3-BF4B-00C04F79EFBC}") = "Application", "Application\Application.csproj", "{9B4AED10-1A50-4BDB-82EC-0557F8377275}"
EndProject
Project("{FAE04EC0-301F-11D3-BF4B-00C04F79EFBC}") = "Persistence", "Persistence\Persistence.csproj", "{CA7904F8-6549-429A-82BF-8909330ABC5F}"
EndProject
Project("{FAE04EC0-301F-11D3-BF4B-00C04F79EFBC}") = "Domain", "Domain\Domain.csproj", "{4F94ED25-CC21-4EFF-BA26-DBA55E904BDE}"
EndProject
Global
	GlobalSection(SolutionConfigurationPlatforms) = preSolution
		Debug|Any CPU = Debug|Any CPU
		Debug|x64 = Debug|x64
		Debug|x86 = Debug|x86
		Release|Any CPU = Release|Any CPU
		Release|x64 = Release|x64
		Release|x86 = Release|x86
	EndGlobalSection
	GlobalSection(SolutionProperties) = preSolution
		HideSolutionNode = FALSE
	EndGlobalSection
	GlobalSection(ProjectConfigurationPlatforms) = postSolution
		{C54428C2-F657-4E4C-903C-2E6B148A1486}.Debug|Any CPU.ActiveCfg = Debug|Any CPU
		{C54428C2-F657-4E4C-903C-2E6B148A1486}.Debug|Any CPU.Build.0 = Debug|Any CPU
		{C54428C2-F657-4E4C-903C-2E6B148A1486}.Debug|x64.ActiveCfg = Debug|Any CPU
		{C54428C2-F657-4E4C-903C-2E6B148A1486}.Debug|x64.Build.0 = Debug|Any CPU
		{C54428C2-F657-4E4C-903C-2E6B148A1486}.Debug|x86.ActiveCfg = Debug|Any CPU
		{C54428C2-F657-4E4C-903C-2E6B148A1486}.Debug|x86.Build.0 = Debug|Any CPU
		{C54428C2-F657-4E4C-903C-2E6B148A1486}.Release|Any CPU.ActiveCfg = Release|Any CPU
		{C54428C2-F657-4E4C-903C-2E6B148A1486}.Release|Any CPU.Build.0 = Release|Any CPU
		{C54428C2-F657-4E4C-903C-2E6B148A1486}.Release|x64.ActiveCfg = Release|Any CPU
		{C54428C2-F657-4E4C-903C-2E6B148A1486}.Release|x64.Build.0 = Release|Any CPU
		{C54428C2-F657-4E4C-903C-2E6B148A1486}.Release|x86.ActiveCfg = Release|Any CPU
		{C54428C2-F657-4E4C-903C-2E6B148A1486}.Release|x86.Build.0 = Release|Any CPU
		{9B4AED10-1A50-4BDB-82EC-0557F8377275}.Debug|Any CPU.ActiveCfg = Debug|Any CPU
		{9B4AED10-1A50-4BDB-82EC-0557F8377275}.Debug|Any CPU.Build.0 = Debug|Any CPU
		{9B4AED10-1A50-4BDB-82EC-0557F8377275}.Debug|x64.ActiveCfg = Debug|Any CPU
		{9B4AED10-1A50-4BDB-82EC-0557F8377275}.Debug|x64.Build.0 = Debug|Any CPU
		{9B4AED10-1A50-4BDB-82EC-0557F8377275}.Debug|x86.ActiveCfg = Debug|Any CPU
		{9B4AED10-1A50-4BDB-82EC-0557F8377275}.Debug|x86.Build.0 = Debug|Any CPU
		{9B4AED10-1A50-4BDB-82EC-0557F8377275}.Release|Any CPU.ActiveCfg = Release|Any CPU
		{9B4AED10-1A50-4BDB-82EC-0557F8377275}.Release|Any CPU.Build.0 = Release|Any CPU
		{9B4AED10-1A50-4BDB-82EC-0557F8377275}.Release|x64.ActiveCfg = Release|Any CPU
		{9B4AED10-1A50-4BDB-82EC-0557F8377275}.Release|x64.Build.0 = Release|Any CPU
		{9B4AED10-1A50-4BDB-82EC-0557F8377275}.Release|x86.ActiveCfg = Release|Any CPU
		{9B4AED10-1A50-4BDB-82EC-0557F8377275}.Release|x86.Build.0 = Release|Any CPU
		{CA7904F8-6549-429A-82BF-8909330ABC5F}.Debug|Any CPU.ActiveCfg = Debug|Any CPU
		{CA7904F8-6549-429A-82BF-8909330ABC5F}.Debug|Any CPU.Build.0 = Debug|Any CPU
		{CA7904F8-6549-429A-82BF-8909330ABC5F}.Debug|x64.ActiveCfg = Debug|Any CPU
		{CA7904F8-6549-429A-82BF-8909330ABC5F}.Debug|x64.Build.0 = Debug|Any CPU
		{CA7904F8-6549-429A-82BF-8909330ABC5F}.Debug|x86.ActiveCfg = Debug|Any CPU
		{CA7904F8-6549-429A-82BF-8909330ABC5F}.Debug|x86.Build.0 = Debug|Any CPU
		{CA7904F8-6549-429A-82BF-8909330ABC5F}.Release|Any CPU.ActiveCfg = Release|Any CPU
		{CA7904F8-6549-429A-82BF-8909330ABC5F}.Release|Any CPU.Build.0 = Release|Any CPU
		{CA7904F8-6549-429A-82BF-8909330ABC5F}.Release|x64.ActiveCfg = Release|Any CPU
		{CA7904F8-6549-429A-82BF-8909330ABC5F}.Release|x64.Build.0 = Release|Any CPU
		{CA7904F8-6549-429A-82BF-8909330ABC5F}.Release|x86.ActiveCfg = Release|Any CPU
		{CA7904F8-6549-429A-82BF-8909330ABC5F}.Release|x86.Build.0 = Release|Any CPU
		{4F94ED25-CC21-4EFF-BA26-DBA55E904BDE}.Debug|Any CPU.ActiveCfg = Debug|Any CPU
		{4F94ED25-CC21-4EFF-BA26-DBA55E904BDE}.Debug|Any CPU.Build.0 = Debug|Any CPU
		{4F94ED25-CC21-4EFF-BA26-DBA55E904BDE}.Debug|x64.ActiveCfg = Debug|Any CPU
		{4F94ED25-CC21-4EFF-BA26-DBA55E904BDE}.Debug|x64.Build.0 = Debug|Any CPU
		{4F94ED25-CC21-4EFF-BA26-DBA55E904BDE}.Debug|x86.ActiveCfg = Debug|Any CPU
		{4F94ED25-CC21-4EFF-BA26-DBA55E904BDE}.Debug|x86.Build.0 = Debug|Any CPU
		{4F94ED25-CC21-4EFF-BA26-DBA55E904BDE}.Release|Any CPU.ActiveCfg = Release|Any CPU
		{4F94ED25-CC21-4EFF-BA26-DBA55E904BDE}.Release|Any CPU.Build.0 = Release|Any CPU
		{4F94ED25-CC21-4EFF-BA26-DBA55E904BDE}.Release|x64.ActiveCfg = Release|Any CPU
		{4F94ED25-CC21-4EFF-BA26-DBA55E904BDE}.Release|x64.Build.0 = Release|Any CPU
		{4F94ED25-CC21-4EFF-BA26-DBA55E904BDE}.Release|x86.ActiveCfg = Release|Any CPU
		{4F94ED25-CC21-4EFF-BA26-DBA55E904BDE}.Release|x86.Build.0 = Release|Any CPU
	EndGlobalSection
EndGlobal
